// !$*UTF8*$!
{
	archiveVersion = 1;
	classes = {
	};
	objectVersion = 56;
	objects = {

/* Begin PBXBuildFile section */
		2456FD4E2C7B9A10009AC7EB /* ListCell.swift in Sources */ = {isa = PBXBuildFile; fileRef = 2456FD4D2C7B9A10009AC7EB /* ListCell.swift */; };
		2456FD502C7BA061009AC7EB /* DetailVC.swift in Sources */ = {isa = PBXBuildFile; fileRef = 2456FD4F2C7BA061009AC7EB /* DetailVC.swift */; };
		24C149E32C78B135005029B1 /* AppDelegate.swift in Sources */ = {isa = PBXBuildFile; fileRef = 24C149E22C78B135005029B1 /* AppDelegate.swift */; };
		24C149E52C78B135005029B1 /* SceneDelegate.swift in Sources */ = {isa = PBXBuildFile; fileRef = 24C149E42C78B135005029B1 /* SceneDelegate.swift */; };
		24C149EA2C78B135005029B1 /* Main.storyboard in Resources */ = {isa = PBXBuildFile; fileRef = 24C149E82C78B135005029B1 /* Main.storyboard */; };
		24C149EC2C78B13B005029B1 /* Assets.xcassets in Resources */ = {isa = PBXBuildFile; fileRef = 24C149EB2C78B13B005029B1 /* Assets.xcassets */; };
		24C149EF2C78B13B005029B1 /* LaunchScreen.storyboard in Resources */ = {isa = PBXBuildFile; fileRef = 24C149ED2C78B13B005029B1 /* LaunchScreen.storyboard */; };
		24C149F72C78B1B2005029B1 /* ListTVC.swift in Sources */ = {isa = PBXBuildFile; fileRef = 24C149F62C78B1B2005029B1 /* ListTVC.swift */; };
		24C149FC2C79D0D3005029B1 /* Constant.swift in Sources */ = {isa = PBXBuildFile; fileRef = 24C149FB2C79D0D3005029B1 /* Constant.swift */; };
		24C149FE2C79D21A005029B1 /* NetworkWeatherManager.swift in Sources */ = {isa = PBXBuildFile; fileRef = 24C149FD2C79D21A005029B1 /* NetworkWeatherManager.swift */; };
		24C14A002C79D4B1005029B1 /* WeatherData.swift in Sources */ = {isa = PBXBuildFile; fileRef = 24C149FF2C79D4B1005029B1 /* WeatherData.swift */; };
		24C14A022C79D849005029B1 /* Weather.swift in Sources */ = {isa = PBXBuildFile; fileRef = 24C14A012C79D849005029B1 /* Weather.swift */; };
		24C14A042C7A0935005029B1 /* GetCitiesWeather.swift in Sources */ = {isa = PBXBuildFile; fileRef = 24C14A032C7A0935005029B1 /* GetCitiesWeather.swift */; };
		3D69CDF8B2CF0B45B6D9E9F4 /* Pods_WeatherApp.framework in Frameworks */ = {isa = PBXBuildFile; fileRef = D864A9708FF989B1F5C607D1 /* Pods_WeatherApp.framework */; };
/* End PBXBuildFile section */

/* Begin PBXFileReference section */
		133E910BEAB72B32F57AD836 /* Pods-WeatherApp.release.xcconfig */ = {isa = PBXFileReference; includeInIndex = 1; lastKnownFileType = text.xcconfig; name = "Pods-WeatherApp.release.xcconfig"; path = "Target Support Files/Pods-WeatherApp/Pods-WeatherApp.release.xcconfig"; sourceTree = "<group>"; };
		22FCDDFEF0BFF5AA7098E3CD /* Pods-WeatherApp.debug.xcconfig */ = {isa = PBXFileReference; includeInIndex = 1; lastKnownFileType = text.xcconfig; name = "Pods-WeatherApp.debug.xcconfig"; path = "Target Support Files/Pods-WeatherApp/Pods-WeatherApp.debug.xcconfig"; sourceTree = "<group>"; };
		2456FD4D2C7B9A10009AC7EB /* ListCell.swift */ = {isa = PBXFileReference; lastKnownFileType = sourcecode.swift; path = ListCell.swift; sourceTree = "<group>"; };
		2456FD4F2C7BA061009AC7EB /* DetailVC.swift */ = {isa = PBXFileReference; lastKnownFileType = sourcecode.swift; path = DetailVC.swift; sourceTree = "<group>"; };
		24C149DF2C78B135005029B1 /* WeatherApp.app */ = {isa = PBXFileReference; explicitFileType = wrapper.application; includeInIndex = 0; path = WeatherApp.app; sourceTree = BUILT_PRODUCTS_DIR; };
		24C149E22C78B135005029B1 /* AppDelegate.swift */ = {isa = PBXFileReference; lastKnownFileType = sourcecode.swift; path = AppDelegate.swift; sourceTree = "<group>"; };
		24C149E42C78B135005029B1 /* SceneDelegate.swift */ = {isa = PBXFileReference; lastKnownFileType = sourcecode.swift; path = SceneDelegate.swift; sourceTree = "<group>"; };
		24C149E92C78B135005029B1 /* Base */ = {isa = PBXFileReference; lastKnownFileType = file.storyboard; name = Base; path = Base.lproj/Main.storyboard; sourceTree = "<group>"; };
		24C149EB2C78B13B005029B1 /* Assets.xcassets */ = {isa = PBXFileReference; lastKnownFileType = folder.assetcatalog; path = Assets.xcassets; sourceTree = "<group>"; };
		24C149EE2C78B13B005029B1 /* Base */ = {isa = PBXFileReference; lastKnownFileType = file.storyboard; name = Base; path = Base.lproj/LaunchScreen.storyboard; sourceTree = "<group>"; };
		24C149F02C78B13B005029B1 /* Info.plist */ = {isa = PBXFileReference; lastKnownFileType = text.plist.xml; path = Info.plist; sourceTree = "<group>"; };
		24C149F62C78B1B2005029B1 /* ListTVC.swift */ = {isa = PBXFileReference; lastKnownFileType = sourcecode.swift; path = ListTVC.swift; sourceTree = "<group>"; };
		24C149FB2C79D0D3005029B1 /* Constant.swift */ = {isa = PBXFileReference; lastKnownFileType = sourcecode.swift; path = Constant.swift; sourceTree = "<group>"; };
		24C149FD2C79D21A005029B1 /* NetworkWeatherManager.swift */ = {isa = PBXFileReference; lastKnownFileType = sourcecode.swift; path = NetworkWeatherManager.swift; sourceTree = "<group>"; };
		24C149FF2C79D4B1005029B1 /* WeatherData.swift */ = {isa = PBXFileReference; lastKnownFileType = sourcecode.swift; path = WeatherData.swift; sourceTree = "<group>"; };
		24C14A012C79D849005029B1 /* Weather.swift */ = {isa = PBXFileReference; lastKnownFileType = sourcecode.swift; path = Weather.swift; sourceTree = "<group>"; };
		24C14A032C7A0935005029B1 /* GetCitiesWeather.swift */ = {isa = PBXFileReference; lastKnownFileType = sourcecode.swift; path = GetCitiesWeather.swift; sourceTree = "<group>"; };
		D864A9708FF989B1F5C607D1 /* Pods_WeatherApp.framework */ = {isa = PBXFileReference; explicitFileType = wrapper.framework; includeInIndex = 0; path = Pods_WeatherApp.framework; sourceTree = BUILT_PRODUCTS_DIR; };
/* End PBXFileReference section */

/* Begin PBXFrameworksBuildPhase section */
		24C149DC2C78B135005029B1 /* Frameworks */ = {
			isa = PBXFrameworksBuildPhase;
			buildActionMask = 2147483647;
			files = (
				3D69CDF8B2CF0B45B6D9E9F4 /* Pods_WeatherApp.framework in Frameworks */,
			);
			runOnlyForDeploymentPostprocessing = 0;
		};
/* End PBXFrameworksBuildPhase section */

/* Begin PBXGroup section */
		24C149D62C78B135005029B1 = {
			isa = PBXGroup;
			children = (
				24C149E12C78B135005029B1 /* WeatherApp */,
				24C149E02C78B135005029B1 /* Products */,
				FB68727EBD129BE963A55511 /* Pods */,
				D6C27B9013763C7D2505A23C /* Frameworks */,
			);
			sourceTree = "<group>";
		};
		24C149E02C78B135005029B1 /* Products */ = {
			isa = PBXGroup;
			children = (
				24C149DF2C78B135005029B1 /* WeatherApp.app */,
			);
			name = Products;
			sourceTree = "<group>";
		};
		24C149E12C78B135005029B1 /* WeatherApp */ = {
			isa = PBXGroup;
			children = (
				24C149F02C78B13B005029B1 /* Info.plist */,
				24C149FA2C79CFAB005029B1 /* SupportingFiles */,
				24C149F92C79CF99005029B1 /* View */,
				24C149F82C79CF91005029B1 /* Model */,
			);
			path = WeatherApp;
			sourceTree = "<group>";
		};
		24C149F82C79CF91005029B1 /* Model */ = {
			isa = PBXGroup;
			children = (
				24C149FD2C79D21A005029B1 /* NetworkWeatherManager.swift */,
				24C149FF2C79D4B1005029B1 /* WeatherData.swift */,
				24C14A012C79D849005029B1 /* Weather.swift */,
				24C14A032C7A0935005029B1 /* GetCitiesWeather.swift */,
				2456FD4D2C7B9A10009AC7EB /* ListCell.swift */,
			);
			name = Model;
			sourceTree = "<group>";
		};
		24C149F92C79CF99005029B1 /* View */ = {
			isa = PBXGroup;
			children = (
				24C149E82C78B135005029B1 /* Main.storyboard */,
				24C149ED2C78B13B005029B1 /* LaunchScreen.storyboard */,
				24C149F62C78B1B2005029B1 /* ListTVC.swift */,
				2456FD4F2C7BA061009AC7EB /* DetailVC.swift */,
			);
			path = View;
			sourceTree = "<group>";
		};
		24C149FA2C79CFAB005029B1 /* SupportingFiles */ = {
			isa = PBXGroup;
			children = (
				24C149FB2C79D0D3005029B1 /* Constant.swift */,
				24C149E22C78B135005029B1 /* AppDelegate.swift */,
				24C149E42C78B135005029B1 /* SceneDelegate.swift */,
				24C149EB2C78B13B005029B1 /* Assets.xcassets */,
			);
			name = SupportingFiles;
			sourceTree = "<group>";
		};
		D6C27B9013763C7D2505A23C /* Frameworks */ = {
			isa = PBXGroup;
			children = (
				D864A9708FF989B1F5C607D1 /* Pods_WeatherApp.framework */,
			);
			name = Frameworks;
			sourceTree = "<group>";
		};
		FB68727EBD129BE963A55511 /* Pods */ = {
			isa = PBXGroup;
			children = (
				22FCDDFEF0BFF5AA7098E3CD /* Pods-WeatherApp.debug.xcconfig */,
				133E910BEAB72B32F57AD836 /* Pods-WeatherApp.release.xcconfig */,
			);
			name = Pods;
			path = Pods;
			sourceTree = "<group>";
		};
/* End PBXGroup section */

/* Begin PBXNativeTarget section */
		24C149DE2C78B135005029B1 /* WeatherApp */ = {
			isa = PBXNativeTarget;
			buildConfigurationList = 24C149F32C78B13B005029B1 /* Build configuration list for PBXNativeTarget "WeatherApp" */;
			buildPhases = (
				BE385EB4BB714FE43319FA9D /* [CP] Check Pods Manifest.lock */,
				24C149DB2C78B135005029B1 /* Sources */,
				24C149DC2C78B135005029B1 /* Frameworks */,
				24C149DD2C78B135005029B1 /* Resources */,
				CF0CDD8C542C902E7CC463B7 /* [CP] Embed Pods Frameworks */,
			);
			buildRules = (
			);
			dependencies = (
			);
			name = WeatherApp;
			productName = WeatherApp;
			productReference = 24C149DF2C78B135005029B1 /* WeatherApp.app */;
			productType = "com.apple.product-type.application";
		};
/* End PBXNativeTarget section */

/* Begin PBXProject section */
		24C149D72C78B135005029B1 /* Project object */ = {
			isa = PBXProject;
			attributes = {
				BuildIndependentTargetsInParallel = 1;
				LastSwiftUpdateCheck = 1400;
				LastUpgradeCheck = 1400;
				TargetAttributes = {
					24C149DE2C78B135005029B1 = {
						CreatedOnToolsVersion = 14.0;
					};
				};
			};
			buildConfigurationList = 24C149DA2C78B135005029B1 /* Build configuration list for PBXProject "WeatherApp" */;
			compatibilityVersion = "Xcode 14.0";
			developmentRegion = en;
			hasScannedForEncodings = 0;
			knownRegions = (
				en,
				Base,
			);
			mainGroup = 24C149D62C78B135005029B1;
			productRefGroup = 24C149E02C78B135005029B1 /* Products */;
			projectDirPath = "";
			projectRoot = "";
			targets = (
				24C149DE2C78B135005029B1 /* WeatherApp */,
			);
		};
/* End PBXProject section */

/* Begin PBXResourcesBuildPhase section */
		24C149DD2C78B135005029B1 /* Resources */ = {
			isa = PBXResourcesBuildPhase;
			buildActionMask = 2147483647;
			files = (
				24C149EF2C78B13B005029B1 /* LaunchScreen.storyboard in Resources */,
				24C149EC2C78B13B005029B1 /* Assets.xcassets in Resources */,
				24C149EA2C78B135005029B1 /* Main.storyboard in Resources */,
			);
			runOnlyForDeploymentPostprocessing = 0;
		};
/* End PBXResourcesBuildPhase section */

/* Begin PBXShellScriptBuildPhase section */
		BE385EB4BB714FE43319FA9D /* [CP] Check Pods Manifest.lock */ = {
			isa = PBXShellScriptBuildPhase;
			buildActionMask = 2147483647;
			files = (
			);
			inputFileListPaths = (
			);
			inputPaths = (
				"${PODS_PODFILE_DIR_PATH}/Podfile.lock",
				"${PODS_ROOT}/Manifest.lock",
			);
			name = "[CP] Check Pods Manifest.lock";
			outputFileListPaths = (
			);
			outputPaths = (
				"$(DERIVED_FILE_DIR)/Pods-WeatherApp-checkManifestLockResult.txt",
			);
			runOnlyForDeploymentPostprocessing = 0;
			shellPath = /bin/sh;
			shellScript = "diff \"${PODS_PODFILE_DIR_PATH}/Podfile.lock\" \"${PODS_ROOT}/Manifest.lock\" > /dev/null\nif [ $? != 0 ] ; then\n    # print error to STDERR\n    echo \"error: The sandbox is not in sync with the Podfile.lock. Run 'pod install' or update your CocoaPods installation.\" >&2\n    exit 1\nfi\n# This output is used by Xcode 'outputs' to avoid re-running this script phase.\necho \"SUCCESS\" > \"${SCRIPT_OUTPUT_FILE_0}\"\n";
			showEnvVarsInLog = 0;
		};
		CF0CDD8C542C902E7CC463B7 /* [CP] Embed Pods Frameworks */ = {
			isa = PBXShellScriptBuildPhase;
			buildActionMask = 2147483647;
			files = (
			);
			inputFileListPaths = (
				"${PODS_ROOT}/Target Support Files/Pods-WeatherApp/Pods-WeatherApp-frameworks-${CONFIGURATION}-input-files.xcfilelist",
			);
			name = "[CP] Embed Pods Frameworks";
			outputFileListPaths = (
				"${PODS_ROOT}/Target Support Files/Pods-WeatherApp/Pods-WeatherApp-frameworks-${CONFIGURATION}-output-files.xcfilelist",
			);
			runOnlyForDeploymentPostprocessing = 0;
			shellPath = /bin/sh;
			shellScript = "\"${PODS_ROOT}/Target Support Files/Pods-WeatherApp/Pods-WeatherApp-frameworks.sh\"\n";
			showEnvVarsInLog = 0;
		};
/* End PBXShellScriptBuildPhase section */

/* Begin PBXSourcesBuildPhase section */
		24C149DB2C78B135005029B1 /* Sources */ = {
			isa = PBXSourcesBuildPhase;
			buildActionMask = 2147483647;
			files = (
				24C149F72C78B1B2005029B1 /* ListTVC.swift in Sources */,
				24C149E32C78B135005029B1 /* AppDelegate.swift in Sources */,
				24C14A042C7A0935005029B1 /* GetCitiesWeather.swift in Sources */,
				24C149FE2C79D21A005029B1 /* NetworkWeatherManager.swift in Sources */,
				24C149E52C78B135005029B1 /* SceneDelegate.swift in Sources */,
				2456FD502C7BA061009AC7EB /* DetailVC.swift in Sources */,
				24C14A002C79D4B1005029B1 /* WeatherData.swift in Sources */,
				2456FD4E2C7B9A10009AC7EB /* ListCell.swift in Sources */,
				24C149FC2C79D0D3005029B1 /* Constant.swift in Sources */,
				24C14A022C79D849005029B1 /* Weather.swift in Sources */,
			);
			runOnlyForDeploymentPostprocessing = 0;
		};
/* End PBXSourcesBuildPhase section */

/* Begin PBXVariantGroup section */
		24C149E82C78B135005029B1 /* Main.storyboard */ = {
			isa = PBXVariantGroup;
			children = (
				24C149E92C78B135005029B1 /* Base */,
			);
			name = Main.storyboard;
			sourceTree = "<group>";
		};
		24C149ED2C78B13B005029B1 /* LaunchScreen.storyboard */ = {
			isa = PBXVariantGroup;
			children = (
				24C149EE2C78B13B005029B1 /* Base */,
			);
			name = LaunchScreen.storyboard;
			sourceTree = "<group>";
		};
/* End PBXVariantGroup section */

/* Begin XCBuildConfiguration section */
		24C149F12C78B13B005029B1 /* Debug */ = {
			isa = XCBuildConfiguration;
			buildSettings = {
				ALWAYS_SEARCH_USER_PATHS = NO;
				CLANG_ANALYZER_NONNULL = YES;
				CLANG_ANALYZER_NUMBER_OBJECT_CONVERSION = YES_AGGRESSIVE;
				CLANG_CXX_LANGUAGE_STANDARD = "gnu++20";
				CLANG_ENABLE_MODULES = YES;
				CLANG_ENABLE_OBJC_ARC = YES;
				CLANG_ENABLE_OBJC_WEAK = YES;
				CLANG_WARN_BLOCK_CAPTURE_AUTORELEASING = YES;
				CLANG_WARN_BOOL_CONVERSION = YES;
				CLANG_WARN_COMMA = YES;
				CLANG_WARN_CONSTANT_CONVERSION = YES;
				CLANG_WARN_DEPRECATED_OBJC_IMPLEMENTATIONS = YES;
				CLANG_WARN_DIRECT_OBJC_ISA_USAGE = YES_ERROR;
				CLANG_WARN_DOCUMENTATION_COMMENTS = YES;
				CLANG_WARN_EMPTY_BODY = YES;
				CLANG_WARN_ENUM_CONVERSION = YES;
				CLANG_WARN_INFINITE_RECURSION = YES;
				CLANG_WARN_INT_CONVERSION = YES;
				CLANG_WARN_NON_LITERAL_NULL_CONVERSION = YES;
				CLANG_WARN_OBJC_IMPLICIT_RETAIN_SELF = YES;
				CLANG_WARN_OBJC_LITERAL_CONVERSION = YES;
				CLANG_WARN_OBJC_ROOT_CLASS = YES_ERROR;
				CLANG_WARN_QUOTED_INCLUDE_IN_FRAMEWORK_HEADER = YES;
				CLANG_WARN_RANGE_LOOP_ANALYSIS = YES;
				CLANG_WARN_STRICT_PROTOTYPES = YES;
				CLANG_WARN_SUSPICIOUS_MOVE = YES;
				CLANG_WARN_UNGUARDED_AVAILABILITY = YES_AGGRESSIVE;
				CLANG_WARN_UNREACHABLE_CODE = YES;
				CLANG_WARN__DUPLICATE_METHOD_MATCH = YES;
				COPY_PHASE_STRIP = NO;
				DEBUG_INFORMATION_FORMAT = dwarf;
				ENABLE_STRICT_OBJC_MSGSEND = YES;
				ENABLE_TESTABILITY = YES;
				GCC_C_LANGUAGE_STANDARD = gnu11;
				GCC_DYNAMIC_NO_PIC = NO;
				GCC_NO_COMMON_BLOCKS = YES;
				GCC_OPTIMIZATION_LEVEL = 0;
				GCC_PREPROCESSOR_DEFINITIONS = (
					"DEBUG=1",
					"$(inherited)",
				);
				GCC_WARN_64_TO_32_BIT_CONVERSION = YES;
				GCC_WARN_ABOUT_RETURN_TYPE = YES_ERROR;
				GCC_WARN_UNDECLARED_SELECTOR = YES;
				GCC_WARN_UNINITIALIZED_AUTOS = YES_AGGRESSIVE;
				GCC_WARN_UNUSED_FUNCTION = YES;
				GCC_WARN_UNUSED_VARIABLE = YES;
				IPHONEOS_DEPLOYMENT_TARGET = 16.0;
				MTL_ENABLE_DEBUG_INFO = INCLUDE_SOURCE;
				MTL_FAST_MATH = YES;
				ONLY_ACTIVE_ARCH = YES;
				SDKROOT = iphoneos;
				SWIFT_ACTIVE_COMPILATION_CONDITIONS = DEBUG;
				SWIFT_OPTIMIZATION_LEVEL = "-Onone";
			};
			name = Debug;
		};
		24C149F22C78B13B005029B1 /* Release */ = {
			isa = XCBuildConfiguration;
			buildSettings = {
				ALWAYS_SEARCH_USER_PATHS = NO;
				CLANG_ANALYZER_NONNULL = YES;
				CLANG_ANALYZER_NUMBER_OBJECT_CONVERSION = YES_AGGRESSIVE;
				CLANG_CXX_LANGUAGE_STANDARD = "gnu++20";
				CLANG_ENABLE_MODULES = YES;
				CLANG_ENABLE_OBJC_ARC = YES;
				CLANG_ENABLE_OBJC_WEAK = YES;
				CLANG_WARN_BLOCK_CAPTURE_AUTORELEASING = YES;
				CLANG_WARN_BOOL_CONVERSION = YES;
				CLANG_WARN_COMMA = YES;
				CLANG_WARN_CONSTANT_CONVERSION = YES;
				CLANG_WARN_DEPRECATED_OBJC_IMPLEMENTATIONS = YES;
				CLANG_WARN_DIRECT_OBJC_ISA_USAGE = YES_ERROR;
				CLANG_WARN_DOCUMENTATION_COMMENTS = YES;
				CLANG_WARN_EMPTY_BODY = YES;
				CLANG_WARN_ENUM_CONVERSION = YES;
				CLANG_WARN_INFINITE_RECURSION = YES;
				CLANG_WARN_INT_CONVERSION = YES;
				CLANG_WARN_NON_LITERAL_NULL_CONVERSION = YES;
				CLANG_WARN_OBJC_IMPLICIT_RETAIN_SELF = YES;
				CLANG_WARN_OBJC_LITERAL_CONVERSION = YES;
				CLANG_WARN_OBJC_ROOT_CLASS = YES_ERROR;
				CLANG_WARN_QUOTED_INCLUDE_IN_FRAMEWORK_HEADER = YES;
				CLANG_WARN_RANGE_LOOP_ANALYSIS = YES;
				CLANG_WARN_STRICT_PROTOTYPES = YES;
				CLANG_WARN_SUSPICIOUS_MOVE = YES;
				CLANG_WARN_UNGUARDED_AVAILABILITY = YES_AGGRESSIVE;
				CLANG_WARN_UNREACHABLE_CODE = YES;
				CLANG_WARN__DUPLICATE_METHOD_MATCH = YES;
				COPY_PHASE_STRIP = NO;
				DEBUG_INFORMATION_FORMAT = "dwarf-with-dsym";
				ENABLE_NS_ASSERTIONS = NO;
				ENABLE_STRICT_OBJC_MSGSEND = YES;
				GCC_C_LANGUAGE_STANDARD = gnu11;
				GCC_NO_COMMON_BLOCKS = YES;
				GCC_WARN_64_TO_32_BIT_CONVERSION = YES;
				GCC_WARN_ABOUT_RETURN_TYPE = YES_ERROR;
				GCC_WARN_UNDECLARED_SELECTOR = YES;
				GCC_WARN_UNINITIALIZED_AUTOS = YES_AGGRESSIVE;
				GCC_WARN_UNUSED_FUNCTION = YES;
				GCC_WARN_UNUSED_VARIABLE = YES;
				IPHONEOS_DEPLOYMENT_TARGET = 16.0;
				MTL_ENABLE_DEBUG_INFO = NO;
				MTL_FAST_MATH = YES;
				SDKROOT = iphoneos;
				SWIFT_COMPILATION_MODE = wholemodule;
				SWIFT_OPTIMIZATION_LEVEL = "-O";
				VALIDATE_PRODUCT = YES;
			};
			name = Release;
		};
		24C149F42C78B13B005029B1 /* Debug */ = {
			isa = XCBuildConfiguration;
			baseConfigurationReference = 22FCDDFEF0BFF5AA7098E3CD /* Pods-WeatherApp.debug.xcconfig */;
			buildSettings = {
				ASSETCATALOG_COMPILER_APPICON_NAME = AppIcon;
				ASSETCATALOG_COMPILER_GLOBAL_ACCENT_COLOR_NAME = AccentColor;
				CODE_SIGN_STYLE = Automatic;
				CURRENT_PROJECT_VERSION = 1;
				DEVELOPMENT_TEAM = RV864RZ8MD;
				GENERATE_INFOPLIST_FILE = YES;
				INFOPLIST_FILE = WeatherApp/Info.plist;
				INFOPLIST_KEY_UIApplicationSupportsIndirectInputEvents = YES;
				INFOPLIST_KEY_UILaunchStoryboardName = LaunchScreen;
				INFOPLIST_KEY_UIMainStoryboardFile = Main;
				INFOPLIST_KEY_UISupportedInterfaceOrientations_iPad = "UIInterfaceOrientationPortrait UIInterfaceOrientationPortraitUpsideDown UIInterfaceOrientationLandscapeLeft UIInterfaceOrientationLandscapeRight";
				INFOPLIST_KEY_UISupportedInterfaceOrientations_iPhone = "UIInterfaceOrientationPortrait UIInterfaceOrientationLandscapeLeft UIInterfaceOrientationLandscapeRight";
				LD_RUNPATH_SEARCH_PATHS = (
					"$(inherited)",
					"@executable_path/Frameworks",
				);
				MARKETING_VERSION = 1.0;
				PRODUCT_BUNDLE_IDENTIFIER = myID.WeatherApp;
				PRODUCT_NAME = "$(TARGET_NAME)";
				SWIFT_EMIT_LOC_STRINGS = YES;
				SWIFT_VERSION = 5.0;
				TARGETED_DEVICE_FAMILY = "1,2";
			};
			name = Debug;
		};
		24C149F52C78B13B005029B1 /* Release */ = {
			isa = XCBuildConfiguration;
			baseConfigurationReference = 133E910BEAB72B32F57AD836 /* Pods-WeatherApp.release.xcconfig */;
			buildSettings = {
				ASSETCATALOG_COMPILER_APPICON_NAME = AppIcon;
				ASSETCATALOG_COMPILER_GLOBAL_ACCENT_COLOR_NAME = AccentColor;
				CODE_SIGN_STYLE = Automatic;
				CURRENT_PROJECT_VERSION = 1;
				DEVELOPMENT_TEAM = RV864RZ8MD;
				GENERATE_INFOPLIST_FILE = YES;
				INFOPLIST_FILE = WeatherApp/Info.plist;
				INFOPLIST_KEY_UIApplicationSupportsIndirectInputEvents = YES;
				INFOPLIST_KEY_UILaunchStoryboardName = LaunchScreen;
				INFOPLIST_KEY_UIMainStoryboardFile = Main;
				INFOPLIST_KEY_UISupportedInterfaceOrientations_iPad = "UIInterfaceOrientationPortrait UIInterfaceOrientationPortraitUpsideDown UIInterfaceOrientationLandscapeLeft UIInterfaceOrientationLandscapeRight";
				INFOPLIST_KEY_UISupportedInterfaceOrientations_iPhone = "UIInterfaceOrientationPortrait UIInterfaceOrientationLandscapeLeft UIInterfaceOrientationLandscapeRight";
				LD_RUNPATH_SEARCH_PATHS = (
					"$(inherited)",
					"@executable_path/Frameworks",
				);
				MARKETING_VERSION = 1.0;
				PRODUCT_BUNDLE_IDENTIFIER = myID.WeatherApp;
				PRODUCT_NAME = "$(TARGET_NAME)";
				SWIFT_EMIT_LOC_STRINGS = YES;
				SWIFT_VERSION = 5.0;
				TARGETED_DEVICE_FAMILY = "1,2";
			};
			name = Release;
		};
/* End XCBuildConfiguration section */

/* Begin XCConfigurationList section */
		24C149DA2C78B135005029B1 /* Build configuration list for PBXProject "WeatherApp" */ = {
			isa = XCConfigurationList;
			buildConfigurations = (
				24C149F12C78B13B005029B1 /* Debug */,
				24C149F22C78B13B005029B1 /* Release */,
			);
			defaultConfigurationIsVisible = 0;
			defaultConfigurationName = Release;
		};
		24C149F32C78B13B005029B1 /* Build configuration list for PBXNativeTarget "WeatherApp" */ = {
			isa = XCConfigurationList;
			buildConfigurations = (
				24C149F42C78B13B005029B1 /* Debug */,
				24C149F52C78B13B005029B1 /* Release */,
			);
			defaultConfigurationIsVisible = 0;
			defaultConfigurationName = Release;
		};
/* End XCConfigurationList section */
	};
	rootObject = 24C149D72C78B135005029B1 /* Project object */;
}
